
Microsoft Visual Studio Solution File, Format Version 12.00
# Visual Studio Version 16
VisualStudioVersion = 16.0.30320.27
MinimumVisualStudioVersion = 10.0.40219.1
Project("{FAE04EC0-301F-11D3-BF4B-00C04F79EFBC}") = "TelephoneDiary", "TelephoneDiary\TelephoneDiary.csproj", "{BE7D80AD-D560-437F-A167-E5A5D330DB2C}"
EndProject
Global
	GlobalSection(SolutionConfigurationPlatforms) = preSolution
		Debug|Any CPU = Debug|Any CPU
		Release|Any CPU = Release|Any CPU
	EndGlobalSection
	GlobalSection(ProjectConfigurationPlatforms) = postSolution
		{BE7D80AD-D560-437F-A167-E5A5D330DB2C}.Debug|Any CPU.ActiveCfg = Debug|Any CPU
		{BE7D80AD-D560-437F-A167-E5A5D330DB2C}.Debug|Any CPU.Build.0 = Debug|Any CPU
		{BE7D80AD-D560-437F-A167-E5A5D330DB2C}.Release|Any CPU.ActiveCfg = Release|Any CPU
		{BE7D80AD-D560-437F-A167-E5A5D330DB2C}.Release|Any CPU.Build.0 = Release|Any CPU
	EndGlobalSection
	GlobalSection(SolutionProperties) = preSolution
		HideSolutionNode = FALSE
	EndGlobalSection
	GlobalSection(ExtensibilityGlobals) = postSolution
		SolutionGuid = {9C916507-5EA3-462B-88A6-94A0F68D1A1F}
	EndGlobalSection
EndGlobal
